# This file is automatically @generated by Cargo.
# It is not intended for manual editing.
version = 4

[[package]]
name = "Switch-2-GameDetect-RPC"
version = "0.1.0"
dependencies = [
 "envfile",
]

[[package]]
name = "envfile"
version = "0.2.1"
source = "registry+https://github.com/rust-lang/crates.io-index"
checksum = "5fe7fe9d71fc403a41672475b8895d6b817cac0fe23c471e01d36f5af503008c"
dependencies = [
 "snailquote",
]

[[package]]
name = "snailquote"
version = "0.2.0"
source = "registry+https://github.com/rust-lang/crates.io-index"
checksum = "77c10ec36e3a5cf387fd822263730434205464fbf2b1531054f2f92ee1a7ef4e"
dependencies = [
 "unicode_categories",
]

[[package]]
name = "unicode_categories"
version = "0.1.1"
source = "registry+https://github.com/rust-lang/crates.io-index"
checksum = "39ec24b3121d976906ece63c9daad25b85969647682eee313cb5779fdd69e14e"
